# This file was autogenerated by Stack.
# You should not edit this file by hand.
# For more information, please see the documentation at:
#   https://docs.haskellstack.org/en/stable/lock_files

packages:
- completed:
    hackage: hpack-dhall-0.5.0@sha256:612242f346520760817c5783d4d9eb10ba972616b2b40eeeafb129856d32d5d4,8865
    pantry-tree:
      size: 7237
      sha256: 49dcaf2fa72a27526be84b17d34447dbd755cf130f20d37b84a7aebe5ca002bb
  original:
    hackage: hpack-dhall-0.5.0
- completed:
    hackage: dhall-1.18.0@sha256:26fed2f1e8436495213ceb7a1795abfb75a1cb481ab10334272309ebeb4cce05,10963
    pantry-tree:
      size: 38626
      sha256: d6bd3e22be692d0b33795a9e33544f36a2f5f94357e6225e3921742aae440d8b
  original:
    hackage: dhall-1.18.0
- completed:
    hackage: dhall-json-1.2.4@sha256:810c5b00141ae163a74716b95ce4eaf16fb5fcbafb7ff9bd963b89f7ca751bf8,2675
    pantry-tree:
      size: 569
      sha256: 19a8e73f627962543137efbd86852503ef801812481026ed3b717095ec502d0e
  original:
    hackage: dhall-json-1.2.4
- completed:
    hackage: hpack-0.31.0@sha256:364cb13f44f67245faf06d873947c8d8b93caa395839978ce87598a46cb8da53,4406
    pantry-tree:
      size: 3245
      sha256: b79eb4e6a2e13714087480809fb2e6163b4073f91bbe71ff5a2a4f96007e562d
  original:
    hackage: hpack-0.31.0
- completed:
    hackage: megaparsec-7.0.3@sha256:757492da776c87351d928b0da2fdd99d230c8c6de92468e4b631970f84db3b54,6222
    pantry-tree:
      size: 2647
      sha256: 931861a3b0eb591387122356ce344e3f439d03025fe73c3ae3b78d37a7c236b5
  original:
    hackage: megaparsec-7.0.3
- completed:
    hackage: infer-license-0.2.0@sha256:98dbe0e8d726fd698f9961e69cc69343f37952b4b7428283d0b8dbe3b09f8125,1804
    pantry-tree:
      size: 1291
      sha256: f9005d8279c4180eee1220abd909576043284340944e5e4b7de9baea4cad56cf
  original:
    hackage: infer-license-0.2.0
- completed:
    hackage: repline-0.2.0.0@sha256:0ebbf9a59edb60eeac7e002971d501a81ef633b2dc4db3908d27f30f95e4eac1,1107
    pantry-tree:
      size: 271
      sha256: 95a1fe04512fe07e4af85a11b804c9f8ad2257e43fd62d10b6cdad674edf74ac
  original:
    hackage: repline-0.2.0.0
- completed:
    hackage: serialise-0.2.1.0@sha256:265fb7359c704086b150710426ae60882cdbccaaacc26bb59d77a1189a8276e6,8276
    pantry-tree:
      size: 4056
      sha256: 057b2511e490657565bfedd32e74c22434b836657d7ac4b7421e449de2331681
  original:
    hackage: serialise-0.2.1.0
- completed:
    hackage: yaml-0.11.0.0@sha256:19e84a6dcd5050c92ffb82d727792bac2dd9fb65cccc76da77cce045d2e25b31,5108
    pantry-tree:
      size: 1989
      sha256: c265538e3ca643901d4141cd6f0e4b5fca1e0582b3ff81464b2b57b3879fb8ed
  original:
    hackage: yaml-0.11.0.0
- completed:
    hackage: libyaml-0.1.0.0@sha256:5a743adafa7045862e4f88fe9f49873283b4d1bb7976ad8060261a854e8be0b3,2090
    pantry-tree:
      size: 1096
      sha256: 2d6a08095f210fb9bbe69f791dc98b192104c23ac42220ad20f85a214ae96867
  original:
    hackage: libyaml-0.1.0.0
snapshots:
- completed:
    size: 502348
    url: https://raw.githubusercontent.com/commercialhaskell/stackage-snapshots/master/lts/12/5.yaml
    sha256: 3cb9dcb1e53145c4340978562f6b29d0ce1c35ddd912085cc1b6db94d4e0cdde
  original: lts-12.5
