# This file was autogenerated by Stack.
# You should not edit this file by hand.
# For more information, please see the documentation at:
#   https://docs.haskellstack.org/en/stable/lock_files

packages:
- completed:
    hackage: units-parser-0.1.0.0@sha256:d4c9ed0c8265217114015b288f991e7832933cd0265c786743c00e6919707e9f,1518
    pantry-tree:
      size: 274
      sha256: dba7c712e196e3e9f191669f170001e97b016c844d5ea27b228f9c226b93a896
  original:
    hackage: units-parser-0.1.0.0
- completed:
    hackage: hlint-2.1.26@sha256:e0489fd31bc4a531aaf27d7e6b9814b50863b2a78c10e1d77e7b652b00933c9b,3231
    pantry-tree:
      size: 4036
      sha256: b424391b338be3eb5da8c0ba97117e8373848830592445828a3cb9694cbf8988
  original:
    hackage: hlint-2.1.26@sha256:e0489fd31bc4a531aaf27d7e6b9814b50863b2a78c10e1d77e7b652b00933c9b,3231
- completed:
    hackage: cpphs-1.20.9@sha256:cbfc22035785798ce347e7e12f9232a205f47a50234fa1daaa6c9e25a0885eff,2326
    pantry-tree:
      size: 1386
      sha256: 623288bb281457e7a7b82108d86765f188f23169fb5ddb4460ef1217febc0f93
  original:
    hackage: cpphs-1.20.9@sha256:cbfc22035785798ce347e7e12f9232a205f47a50234fa1daaa6c9e25a0885eff,2326
- completed:
    hackage: ghc-lib-parser-8.8.0.20190424@sha256:4562d8e869a5aab1d2b43c5d73063e768f78f51f99d98ef9b0150ca359f9ec98,8358
    pantry-tree:
      size: 21210
      sha256: a53f5b2fd3040c0e97d5f7fc1dad7ad08db6315de169732685ab21cdea3db890
  original:
    hackage: ghc-lib-parser-8.8.0.20190424@sha256:4562d8e869a5aab1d2b43c5d73063e768f78f51f99d98ef9b0150ca359f9ec98,8358
- completed:
    hackage: haskell-src-exts-1.21.1@sha256:11d18ec3f463185f81b7819376b532e3087f8192cffc629aac5c9eec88897b35,4541
    pantry-tree:
      size: 95170
      sha256: 487db8defe20a7c8bdf5b4a9a68ec616a4349bdb643f2dc7c9d71e1a6495c8c7
  original:
    hackage: haskell-src-exts-1.21.1@sha256:11d18ec3f463185f81b7819376b532e3087f8192cffc629aac5c9eec88897b35,4541
- completed:
    hackage: haskell-src-exts-util-0.2.5@sha256:c782ce1cb01866896b6656774a28bad075d2147067e41875c1c5987e7b93be64,1427
    pantry-tree:
      size: 576
      sha256: 37b401fb14abd560aa415ede89bdb908e9140d7e847411e9057427184a5f4d8e
  original:
    hackage: haskell-src-exts-util-0.2.5@sha256:c782ce1cb01866896b6656774a28bad075d2147067e41875c1c5987e7b93be64,1427
- completed:
    hackage: polyparse-1.13@sha256:fe8cd482495cff76ae9b3d58342c0c2e790ce2bcc3b2c39d9c31c7cc97def30b,2693
    pantry-tree:
      size: 1776
      sha256: e19448c687188667f7b82cec4bba6cfe9a7f895e0853d5f76ea01f81d5634741
  original:
    hackage: polyparse-1.13@sha256:fe8cd482495cff76ae9b3d58342c0c2e790ce2bcc3b2c39d9c31c7cc97def30b,2693
snapshots:
- completed:
    size: 384376
    url: https://raw.githubusercontent.com/commercialhaskell/stackage-snapshots/master/nightly/2018/10/31.yaml
    sha256: b9ad4141a99feb263a211ebb10fb431e6fc2ea7638e4f50d0d93acb3089cbcf7
  original: nightly-2018-10-31
