# This file was autogenerated by Stack.
# You should not edit this file by hand.
# For more information, please see the documentation at:
#   https://docs.haskellstack.org/en/stable/lock_files

packages:
- completed:
    hackage: units-parser-0.1.1.4@sha256:fdf942e2b929d6bbc4d92b726192e1a54338b3318207633e8d1b2ba0ae7d5104,1664
    pantry-tree:
      size: 274
      sha256: 739b83c92d537075203f3d4964fa74135c8dda63c27602f27e1001e7d0b7c45e
  original:
    hackage: units-parser-0.1.1.4
snapshots:
- completed:
    size: 571803
    url: https://raw.githubusercontent.com/commercialhaskell/stackage-snapshots/master/nightly/2021/8/8.yaml
    sha256: 8492e8c97cab9a573cc1a559c688201fd29db575bada55d867717188791c7133
  original: nightly-2021-08-08
