# This file was autogenerated by Stack.
# You should not edit this file by hand.
# For more information, please see the documentation at:
#   https://docs.haskellstack.org/en/stable/lock_files

packages:
- completed:
    hackage: units-parser-0.1.0.0@sha256:d4c9ed0c8265217114015b288f991e7832933cd0265c786743c00e6919707e9f,1518
    pantry-tree:
      size: 274
      sha256: dba7c712e196e3e9f191669f170001e97b016c844d5ea27b228f9c226b93a896
  original:
    hackage: units-parser-0.1.0.0
snapshots:
- completed:
    size: 524996
    url: https://raw.githubusercontent.com/commercialhaskell/stackage-snapshots/master/lts/14/27.yaml
    sha256: 7ea31a280c56bf36ff591a7397cc384d0dff622e7f9e4225b47d8980f019a0f0
  original: lts-14.27
