# This file was autogenerated by Stack.
# You should not edit this file by hand.
# For more information, please see the documentation at:
#   https://docs.haskellstack.org/en/stable/lock_files

packages:
- completed:
    hackage: units-parser-0.1.0.0@sha256:d4c9ed0c8265217114015b288f991e7832933cd0265c786743c00e6919707e9f,1518
    pantry-tree:
      size: 274
      sha256: dba7c712e196e3e9f191669f170001e97b016c844d5ea27b228f9c226b93a896
  original:
    hackage: units-parser-0.1.0.0
snapshots:
- completed:
    size: 506080
    url: https://raw.githubusercontent.com/commercialhaskell/stackage-snapshots/master/lts/12/16.yaml
    sha256: 8fb23cad3d4913303229b0ac8eee0b1f244b473dd0406ab3542a914ad9153e8b
  original: lts-12.16
